
Microsoft Visual Studio Solution File, Format Version 12.00
# Visual Studio Version 17
VisualStudioVersion = 17.2.32526.322
MinimumVisualStudioVersion = 10.0.40219.1
Project("{9A19103F-16F7-4668-BE54-9A1E7A4F7556}") = "BitFlyerDotNet.LightningApi", "BitFlyerDotNet.LightningApi\BitFlyerDotNet.LightningApi.csproj", "{9FA12A70-5D3F-4107-9E6A-DDF5DD0B3778}"
EndProject
Project("{2150E333-8FDC-42A3-9474-1A3956D46DE8}") = "Tests", "Tests", "{D83B5B79-F757-4B13-8603-48C066582321}"
EndProject
Project("{2150E333-8FDC-42A3-9474-1A3956D46DE8}") = "Samples", "Samples", "{ADD45BCB-D5E2-4D5C-A4BD-820833C9597F}"
EndProject
Project("{2150E333-8FDC-42A3-9474-1A3956D46DE8}") = "Solution Items", "Solution Items", "{D7EC7583-901A-4F60-88ED-9F33C10350D8}"
	ProjectSection(SolutionItems) = preProject
		LICENSE.txt = LICENSE.txt
		README.en-US.md = README.en-US.md
		README.md = README.md
	EndProjectSection
EndProject
Project("{9A19103F-16F7-4668-BE54-9A1E7A4F7556}") = "PrivateApiTests", "Tests\PrivateApiTests\PrivateApiTests.csproj", "{B266FCA7-D929-446D-9958-C73B1A4B18D5}"
EndProject
Project("{9A19103F-16F7-4668-BE54-9A1E7A4F7556}") = "PublicApiTests", "Tests\PublicApiTests\PublicApiTests.csproj", "{A8EE30D8-C5AF-41FF-BEF6-F8C95D1B241F}"
EndProject
Project("{9A19103F-16F7-4668-BE54-9A1E7A4F7556}") = "BitFlyerDotNet.Trading", "BitFlyerDotNet.Trading\BitFlyerDotNet.Trading.csproj", "{E526C0A1-2F68-472F-ABEA-70042ABB26D1}"
EndProject
Project("{9A19103F-16F7-4668-BE54-9A1E7A4F7556}") = "HistoricalApiTests", "Tests\HistoricalApiTests\HistoricalApiTests.csproj", "{83A1944F-9321-4E04-AA9B-90E6C197023D}"
EndProject
Project("{9A19103F-16F7-4668-BE54-9A1E7A4F7556}") = "BitFlyerDotNet.Historical", "BitFlyerDotNet.Historical\BitFlyerDotNet.Historical.csproj", "{0CC385DC-5529-486A-8152-6A9E0E28FF9E}"
EndProject
Project("{9A19103F-16F7-4668-BE54-9A1E7A4F7556}") = "HistoricalCacheUtil", "Samples\HistoricalCacheUtil\HistoricalCacheUtil.csproj", "{BF1AF39F-5C1E-4ACC-A75C-165E05E96B73}"
EndProject
Project("{9A19103F-16F7-4668-BE54-9A1E7A4F7556}") = "OrderApiTests", "Tests\OrderApiTests\OrderApiTests.csproj", "{515CB3CC-792C-44B1-8C5F-6AA10198BA51}"
EndProject
Project("{9A19103F-16F7-4668-BE54-9A1E7A4F7556}") = "TradingApiTests", "Tests\TradingApiTests\TradingApiTests.csproj", "{CDCC6449-80B9-4597-A79E-0B42C5BE6A94}"
EndProject
Project("{9A19103F-16F7-4668-BE54-9A1E7A4F7556}") = "RealtimeApiTests", "Tests\RealtimeApiTests\RealtimeApiTests.csproj", "{305664A6-4343-44AF-B9D9-15A700D6DFD6}"
EndProject
Project("{2150E333-8FDC-42A3-9474-1A3956D46DE8}") = "BitFlyerDotNet.DataSource", "BitFlyerDotNet.DataSource", "{D1BF4DCA-E4C9-4660-8586-66A3AB0F0F4F}"
EndProject
Project("{FAE04EC0-301F-11D3-BF4B-00C04F79EFBC}") = "PagingApiTests", "Tests\PagingApiTests\PagingApiTests.csproj", "{FE69F6D4-12B4-4F16-906D-1C6B171A7B81}"
EndProject
Global
	GlobalSection(SolutionConfigurationPlatforms) = preSolution
		Ad-Hoc|Any CPU = Ad-Hoc|Any CPU
		Ad-Hoc|ARM = Ad-Hoc|ARM
		Ad-Hoc|iPhone = Ad-Hoc|iPhone
		Ad-Hoc|iPhoneSimulator = Ad-Hoc|iPhoneSimulator
		Ad-Hoc|x64 = Ad-Hoc|x64
		Ad-Hoc|x86 = Ad-Hoc|x86
		AppStore|Any CPU = AppStore|Any CPU
		AppStore|ARM = AppStore|ARM
		AppStore|iPhone = AppStore|iPhone
		AppStore|iPhoneSimulator = AppStore|iPhoneSimulator
		AppStore|x64 = AppStore|x64
		AppStore|x86 = AppStore|x86
		Debug|Any CPU = Debug|Any CPU
		Debug|ARM = Debug|ARM
		Debug|iPhone = Debug|iPhone
		Debug|iPhoneSimulator = Debug|iPhoneSimulator
		Debug|x64 = Debug|x64
		Debug|x86 = Debug|x86
		Release|Any CPU = Release|Any CPU
		Release|ARM = Release|ARM
		Release|iPhone = Release|iPhone
		Release|iPhoneSimulator = Release|iPhoneSimulator
		Release|x64 = Release|x64
		Release|x86 = Release|x86
	EndGlobalSection
	GlobalSection(ProjectConfigurationPlatforms) = postSolution
		{9FA12A70-5D3F-4107-9E6A-DDF5DD0B3778}.Ad-Hoc|Any CPU.ActiveCfg = Release|Any CPU
		{9FA12A70-5D3F-4107-9E6A-DDF5DD0B3778}.Ad-Hoc|Any CPU.Build.0 = Release|Any CPU
		{9FA12A70-5D3F-4107-9E6A-DDF5DD0B3778}.Ad-Hoc|ARM.ActiveCfg = Debug|Any CPU
		{9FA12A70-5D3F-4107-9E6A-DDF5DD0B3778}.Ad-Hoc|ARM.Build.0 = Debug|Any CPU
		{9FA12A70-5D3F-4107-9E6A-DDF5DD0B3778}.Ad-Hoc|iPhone.ActiveCfg = Release|Any CPU
		{9FA12A70-5D3F-4107-9E6A-DDF5DD0B3778}.Ad-Hoc|iPhone.Build.0 = Release|Any CPU
		{9FA12A70-5D3F-4107-9E6A-DDF5DD0B3778}.Ad-Hoc|iPhoneSimulator.ActiveCfg = Release|Any CPU
		{9FA12A70-5D3F-4107-9E6A-DDF5DD0B3778}.Ad-Hoc|iPhoneSimulator.Build.0 = Release|Any CPU
		{9FA12A70-5D3F-4107-9E6A-DDF5DD0B3778}.Ad-Hoc|x64.ActiveCfg = Debug|Any CPU
		{9FA12A70-5D3F-4107-9E6A-DDF5DD0B3778}.Ad-Hoc|x64.Build.0 = Debug|Any CPU
		{9FA12A70-5D3F-4107-9E6A-DDF5DD0B3778}.Ad-Hoc|x86.ActiveCfg = Debug|Any CPU
		{9FA12A70-5D3F-4107-9E6A-DDF5DD0B3778}.Ad-Hoc|x86.Build.0 = Debug|Any CPU
		{9FA12A70-5D3F-4107-9E6A-DDF5DD0B3778}.AppStore|Any CPU.ActiveCfg = Release|Any CPU
		{9FA12A70-5D3F-4107-9E6A-DDF5DD0B3778}.AppStore|Any CPU.Build.0 = Release|Any CPU
		{9FA12A70-5D3F-4107-9E6A-DDF5DD0B3778}.AppStore|ARM.ActiveCfg = Debug|Any CPU
		{9FA12A70-5D3F-4107-9E6A-DDF5DD0B3778}.AppStore|ARM.Build.0 = Debug|Any CPU
		{9FA12A70-5D3F-4107-9E6A-DDF5DD0B3778}.AppStore|iPhone.ActiveCfg = Release|Any CPU
		{9FA12A70-5D3F-4107-9E6A-DDF5DD0B3778}.AppStore|iPhone.Build.0 = Release|Any CPU
		{9FA12A70-5D3F-4107-9E6A-DDF5DD0B3778}.AppStore|iPhoneSimulator.ActiveCfg = Release|Any CPU
		{9FA12A70-5D3F-4107-9E6A-DDF5DD0B3778}.AppStore|iPhoneSimulator.Build.0 = Release|Any CPU
		{9FA12A70-5D3F-4107-9E6A-DDF5DD0B3778}.AppStore|x64.ActiveCfg = Debug|Any CPU
		{9FA12A70-5D3F-4107-9E6A-DDF5DD0B3778}.AppStore|x64.Build.0 = Debug|Any CPU
		{9FA12A70-5D3F-4107-9E6A-DDF5DD0B3778}.AppStore|x86.ActiveCfg = Debug|Any CPU
		{9FA12A70-5D3F-4107-9E6A-DDF5DD0B3778}.AppStore|x86.Build.0 = Debug|Any CPU
		{9FA12A70-5D3F-4107-9E6A-DDF5DD0B3778}.Debug|Any CPU.ActiveCfg = Debug|Any CPU
		{9FA12A70-5D3F-4107-9E6A-DDF5DD0B3778}.Debug|Any CPU.Build.0 = Debug|Any CPU
		{9FA12A70-5D3F-4107-9E6A-DDF5DD0B3778}.Debug|ARM.ActiveCfg = Debug|Any CPU
		{9FA12A70-5D3F-4107-9E6A-DDF5DD0B3778}.Debug|ARM.Build.0 = Debug|Any CPU
		{9FA12A70-5D3F-4107-9E6A-DDF5DD0B3778}.Debug|iPhone.ActiveCfg = Debug|Any CPU
		{9FA12A70-5D3F-4107-9E6A-DDF5DD0B3778}.Debug|iPhone.Build.0 = Debug|Any CPU
		{9FA12A70-5D3F-4107-9E6A-DDF5DD0B3778}.Debug|iPhoneSimulator.ActiveCfg = Debug|Any CPU
		{9FA12A70-5D3F-4107-9E6A-DDF5DD0B3778}.Debug|iPhoneSimulator.Build.0 = Debug|Any CPU
		{9FA12A70-5D3F-4107-9E6A-DDF5DD0B3778}.Debug|x64.ActiveCfg = Debug|Any CPU
		{9FA12A70-5D3F-4107-9E6A-DDF5DD0B3778}.Debug|x64.Build.0 = Debug|Any CPU
		{9FA12A70-5D3F-4107-9E6A-DDF5DD0B3778}.Debug|x86.ActiveCfg = Debug|Any CPU
		{9FA12A70-5D3F-4107-9E6A-DDF5DD0B3778}.Debug|x86.Build.0 = Debug|Any CPU
		{9FA12A70-5D3F-4107-9E6A-DDF5DD0B3778}.Release|Any CPU.ActiveCfg = Release|Any CPU
		{9FA12A70-5D3F-4107-9E6A-DDF5DD0B3778}.Release|Any CPU.Build.0 = Release|Any CPU
		{9FA12A70-5D3F-4107-9E6A-DDF5DD0B3778}.Release|ARM.ActiveCfg = Release|Any CPU
		{9FA12A70-5D3F-4107-9E6A-DDF5DD0B3778}.Release|ARM.Build.0 = Release|Any CPU
		{9FA12A70-5D3F-4107-9E6A-DDF5DD0B3778}.Release|iPhone.ActiveCfg = Release|Any CPU
		{9FA12A70-5D3F-4107-9E6A-DDF5DD0B3778}.Release|iPhone.Build.0 = Release|Any CPU
		{9FA12A70-5D3F-4107-9E6A-DDF5DD0B3778}.Release|iPhoneSimulator.ActiveCfg = Release|Any CPU
		{9FA12A70-5D3F-4107-9E6A-DDF5DD0B3778}.Release|iPhoneSimulator.Build.0 = Release|Any CPU
		{9FA12A70-5D3F-4107-9E6A-DDF5DD0B3778}.Release|x64.ActiveCfg = Release|Any CPU
		{9FA12A70-5D3F-4107-9E6A-DDF5DD0B3778}.Release|x64.Build.0 = Release|Any CPU
		{9FA12A70-5D3F-4107-9E6A-DDF5DD0B3778}.Release|x86.ActiveCfg = Release|Any CPU
		{9FA12A70-5D3F-4107-9E6A-DDF5DD0B3778}.Release|x86.Build.0 = Release|Any CPU
		{B266FCA7-D929-446D-9958-C73B1A4B18D5}.Ad-Hoc|Any CPU.ActiveCfg = Release|Any CPU
		{B266FCA7-D929-446D-9958-C73B1A4B18D5}.Ad-Hoc|Any CPU.Build.0 = Release|Any CPU
		{B266FCA7-D929-446D-9958-C73B1A4B18D5}.Ad-Hoc|ARM.ActiveCfg = Debug|Any CPU
		{B266FCA7-D929-446D-9958-C73B1A4B18D5}.Ad-Hoc|ARM.Build.0 = Debug|Any CPU
		{B266FCA7-D929-446D-9958-C73B1A4B18D5}.Ad-Hoc|iPhone.ActiveCfg = Release|Any CPU
		{B266FCA7-D929-446D-9958-C73B1A4B18D5}.Ad-Hoc|iPhone.Build.0 = Release|Any CPU
		{B266FCA7-D929-446D-9958-C73B1A4B18D5}.Ad-Hoc|iPhoneSimulator.ActiveCfg = Release|Any CPU
		{B266FCA7-D929-446D-9958-C73B1A4B18D5}.Ad-Hoc|iPhoneSimulator.Build.0 = Release|Any CPU
		{B266FCA7-D929-446D-9958-C73B1A4B18D5}.Ad-Hoc|x64.ActiveCfg = Debug|Any CPU
		{B266FCA7-D929-446D-9958-C73B1A4B18D5}.Ad-Hoc|x64.Build.0 = Debug|Any CPU
		{B266FCA7-D929-446D-9958-C73B1A4B18D5}.Ad-Hoc|x86.ActiveCfg = Debug|Any CPU
		{B266FCA7-D929-446D-9958-C73B1A4B18D5}.Ad-Hoc|x86.Build.0 = Debug|Any CPU
		{B266FCA7-D929-446D-9958-C73B1A4B18D5}.AppStore|Any CPU.ActiveCfg = Release|Any CPU
		{B266FCA7-D929-446D-9958-C73B1A4B18D5}.AppStore|Any CPU.Build.0 = Release|Any CPU
		{B266FCA7-D929-446D-9958-C73B1A4B18D5}.AppStore|ARM.ActiveCfg = Debug|Any CPU
		{B266FCA7-D929-446D-9958-C73B1A4B18D5}.AppStore|ARM.Build.0 = Debug|Any CPU
		{B266FCA7-D929-446D-9958-C73B1A4B18D5}.AppStore|iPhone.ActiveCfg = Release|Any CPU
		{B266FCA7-D929-446D-9958-C73B1A4B18D5}.AppStore|iPhone.Build.0 = Release|Any CPU
		{B266FCA7-D929-446D-9958-C73B1A4B18D5}.AppStore|iPhoneSimulator.ActiveCfg = Release|Any CPU
		{B266FCA7-D929-446D-9958-C73B1A4B18D5}.AppStore|iPhoneSimulator.Build.0 = Release|Any CPU
		{B266FCA7-D929-446D-9958-C73B1A4B18D5}.AppStore|x64.ActiveCfg = Debug|Any CPU
		{B266FCA7-D929-446D-9958-C73B1A4B18D5}.AppStore|x64.Build.0 = Debug|Any CPU
		{B266FCA7-D929-446D-9958-C73B1A4B18D5}.AppStore|x86.ActiveCfg = Debug|Any CPU
		{B266FCA7-D929-446D-9958-C73B1A4B18D5}.AppStore|x86.Build.0 = Debug|Any CPU
		{B266FCA7-D929-446D-9958-C73B1A4B18D5}.Debug|Any CPU.ActiveCfg = Debug|Any CPU
		{B266FCA7-D929-446D-9958-C73B1A4B18D5}.Debug|Any CPU.Build.0 = Debug|Any CPU
		{B266FCA7-D929-446D-9958-C73B1A4B18D5}.Debug|ARM.ActiveCfg = Debug|Any CPU
		{B266FCA7-D929-446D-9958-C73B1A4B18D5}.Debug|ARM.Build.0 = Debug|Any CPU
		{B266FCA7-D929-446D-9958-C73B1A4B18D5}.Debug|iPhone.ActiveCfg = Debug|Any CPU
		{B266FCA7-D929-446D-9958-C73B1A4B18D5}.Debug|iPhone.Build.0 = Debug|Any CPU
		{B266FCA7-D929-446D-9958-C73B1A4B18D5}.Debug|iPhoneSimulator.ActiveCfg = Debug|Any CPU
		{B266FCA7-D929-446D-9958-C73B1A4B18D5}.Debug|iPhoneSimulator.Build.0 = Debug|Any CPU
		{B266FCA7-D929-446D-9958-C73B1A4B18D5}.Debug|x64.ActiveCfg = Debug|Any CPU
		{B266FCA7-D929-446D-9958-C73B1A4B18D5}.Debug|x64.Build.0 = Debug|Any CPU
		{B266FCA7-D929-446D-9958-C73B1A4B18D5}.Debug|x86.ActiveCfg = Debug|Any CPU
		{B266FCA7-D929-446D-9958-C73B1A4B18D5}.Debug|x86.Build.0 = Debug|Any CPU
		{B266FCA7-D929-446D-9958-C73B1A4B18D5}.Release|Any CPU.ActiveCfg = Release|Any CPU
		{B266FCA7-D929-446D-9958-C73B1A4B18D5}.Release|Any CPU.Build.0 = Release|Any CPU
		{B266FCA7-D929-446D-9958-C73B1A4B18D5}.Release|ARM.ActiveCfg = Release|Any CPU
		{B266FCA7-D929-446D-9958-C73B1A4B18D5}.Release|ARM.Build.0 = Release|Any CPU
		{B266FCA7-D929-446D-9958-C73B1A4B18D5}.Release|iPhone.ActiveCfg = Release|Any CPU
		{B266FCA7-D929-446D-9958-C73B1A4B18D5}.Release|iPhone.Build.0 = Release|Any CPU
		{B266FCA7-D929-446D-9958-C73B1A4B18D5}.Release|iPhoneSimulator.ActiveCfg = Release|Any CPU
		{B266FCA7-D929-446D-9958-C73B1A4B18D5}.Release|iPhoneSimulator.Build.0 = Release|Any CPU
		{B266FCA7-D929-446D-9958-C73B1A4B18D5}.Release|x64.ActiveCfg = Release|Any CPU
		{B266FCA7-D929-446D-9958-C73B1A4B18D5}.Release|x64.Build.0 = Release|Any CPU
		{B266FCA7-D929-446D-9958-C73B1A4B18D5}.Release|x86.ActiveCfg = Release|Any CPU
		{B266FCA7-D929-446D-9958-C73B1A4B18D5}.Release|x86.Build.0 = Release|Any CPU
		{A8EE30D8-C5AF-41FF-BEF6-F8C95D1B241F}.Ad-Hoc|Any CPU.ActiveCfg = Release|Any CPU
		{A8EE30D8-C5AF-41FF-BEF6-F8C95D1B241F}.Ad-Hoc|Any CPU.Build.0 = Release|Any CPU
		{A8EE30D8-C5AF-41FF-BEF6-F8C95D1B241F}.Ad-Hoc|ARM.ActiveCfg = Debug|Any CPU
		{A8EE30D8-C5AF-41FF-BEF6-F8C95D1B241F}.Ad-Hoc|ARM.Build.0 = Debug|Any CPU
		{A8EE30D8-C5AF-41FF-BEF6-F8C95D1B241F}.Ad-Hoc|iPhone.ActiveCfg = Release|Any CPU
		{A8EE30D8-C5AF-41FF-BEF6-F8C95D1B241F}.Ad-Hoc|iPhone.Build.0 = Release|Any CPU
		{A8EE30D8-C5AF-41FF-BEF6-F8C95D1B241F}.Ad-Hoc|iPhoneSimulator.ActiveCfg = Release|Any CPU
		{A8EE30D8-C5AF-41FF-BEF6-F8C95D1B241F}.Ad-Hoc|iPhoneSimulator.Build.0 = Release|Any CPU
		{A8EE30D8-C5AF-41FF-BEF6-F8C95D1B241F}.Ad-Hoc|x64.ActiveCfg = Debug|Any CPU
		{A8EE30D8-C5AF-41FF-BEF6-F8C95D1B241F}.Ad-Hoc|x64.Build.0 = Debug|Any CPU
		{A8EE30D8-C5AF-41FF-BEF6-F8C95D1B241F}.Ad-Hoc|x86.ActiveCfg = Debug|Any CPU
		{A8EE30D8-C5AF-41FF-BEF6-F8C95D1B241F}.Ad-Hoc|x86.Build.0 = Debug|Any CPU
		{A8EE30D8-C5AF-41FF-BEF6-F8C95D1B241F}.AppStore|Any CPU.ActiveCfg = Release|Any CPU
		{A8EE30D8-C5AF-41FF-BEF6-F8C95D1B241F}.AppStore|Any CPU.Build.0 = Release|Any CPU
		{A8EE30D8-C5AF-41FF-BEF6-F8C95D1B241F}.AppStore|ARM.ActiveCfg = Debug|Any CPU
		{A8EE30D8-C5AF-41FF-BEF6-F8C95D1B241F}.AppStore|ARM.Build.0 = Debug|Any CPU
		{A8EE30D8-C5AF-41FF-BEF6-F8C95D1B241F}.AppStore|iPhone.ActiveCfg = Release|Any CPU
		{A8EE30D8-C5AF-41FF-BEF6-F8C95D1B241F}.AppStore|iPhone.Build.0 = Release|Any CPU
		{A8EE30D8-C5AF-41FF-BEF6-F8C95D1B241F}.AppStore|iPhoneSimulator.ActiveCfg = Release|Any CPU
		{A8EE30D8-C5AF-41FF-BEF6-F8C95D1B241F}.AppStore|iPhoneSimulator.Build.0 = Release|Any CPU
		{A8EE30D8-C5AF-41FF-BEF6-F8C95D1B241F}.AppStore|x64.ActiveCfg = Debug|Any CPU
		{A8EE30D8-C5AF-41FF-BEF6-F8C95D1B241F}.AppStore|x64.Build.0 = Debug|Any CPU
		{A8EE30D8-C5AF-41FF-BEF6-F8C95D1B241F}.AppStore|x86.ActiveCfg = Debug|Any CPU
		{A8EE30D8-C5AF-41FF-BEF6-F8C95D1B241F}.AppStore|x86.Build.0 = Debug|Any CPU
		{A8EE30D8-C5AF-41FF-BEF6-F8C95D1B241F}.Debug|Any CPU.ActiveCfg = Debug|Any CPU
		{A8EE30D8-C5AF-41FF-BEF6-F8C95D1B241F}.Debug|Any CPU.Build.0 = Debug|Any CPU
		{A8EE30D8-C5AF-41FF-BEF6-F8C95D1B241F}.Debug|ARM.ActiveCfg = Debug|Any CPU
		{A8EE30D8-C5AF-41FF-BEF6-F8C95D1B241F}.Debug|ARM.Build.0 = Debug|Any CPU
		{A8EE30D8-C5AF-41FF-BEF6-F8C95D1B241F}.Debug|iPhone.ActiveCfg = Debug|Any CPU
		{A8EE30D8-C5AF-41FF-BEF6-F8C95D1B241F}.Debug|iPhone.Build.0 = Debug|Any CPU
		{A8EE30D8-C5AF-41FF-BEF6-F8C95D1B241F}.Debug|iPhoneSimulator.ActiveCfg = Debug|Any CPU
		{A8EE30D8-C5AF-41FF-BEF6-F8C95D1B241F}.Debug|iPhoneSimulator.Build.0 = Debug|Any CPU
		{A8EE30D8-C5AF-41FF-BEF6-F8C95D1B241F}.Debug|x64.ActiveCfg = Debug|Any CPU
		{A8EE30D8-C5AF-41FF-BEF6-F8C95D1B241F}.Debug|x64.Build.0 = Debug|Any CPU
		{A8EE30D8-C5AF-41FF-BEF6-F8C95D1B241F}.Debug|x86.ActiveCfg = Debug|Any CPU
		{A8EE30D8-C5AF-41FF-BEF6-F8C95D1B241F}.Debug|x86.Build.0 = Debug|Any CPU
		{A8EE30D8-C5AF-41FF-BEF6-F8C95D1B241F}.Release|Any CPU.ActiveCfg = Release|Any CPU
		{A8EE30D8-C5AF-41FF-BEF6-F8C95D1B241F}.Release|Any CPU.Build.0 = Release|Any CPU
		{A8EE30D8-C5AF-41FF-BEF6-F8C95D1B241F}.Release|ARM.ActiveCfg = Release|Any CPU
		{A8EE30D8-C5AF-41FF-BEF6-F8C95D1B241F}.Release|ARM.Build.0 = Release|Any CPU
		{A8EE30D8-C5AF-41FF-BEF6-F8C95D1B241F}.Release|iPhone.ActiveCfg = Release|Any CPU
		{A8EE30D8-C5AF-41FF-BEF6-F8C95D1B241F}.Release|iPhone.Build.0 = Release|Any CPU
		{A8EE30D8-C5AF-41FF-BEF6-F8C95D1B241F}.Release|iPhoneSimulator.ActiveCfg = Release|Any CPU
		{A8EE30D8-C5AF-41FF-BEF6-F8C95D1B241F}.Release|iPhoneSimulator.Build.0 = Release|Any CPU
		{A8EE30D8-C5AF-41FF-BEF6-F8C95D1B241F}.Release|x64.ActiveCfg = Release|Any CPU
		{A8EE30D8-C5AF-41FF-BEF6-F8C95D1B241F}.Release|x64.Build.0 = Release|Any CPU
		{A8EE30D8-C5AF-41FF-BEF6-F8C95D1B241F}.Release|x86.ActiveCfg = Release|Any CPU
		{A8EE30D8-C5AF-41FF-BEF6-F8C95D1B241F}.Release|x86.Build.0 = Release|Any CPU
		{E526C0A1-2F68-472F-ABEA-70042ABB26D1}.Ad-Hoc|Any CPU.ActiveCfg = Release|Any CPU
		{E526C0A1-2F68-472F-ABEA-70042ABB26D1}.Ad-Hoc|Any CPU.Build.0 = Release|Any CPU
		{E526C0A1-2F68-472F-ABEA-70042ABB26D1}.Ad-Hoc|ARM.ActiveCfg = Debug|Any CPU
		{E526C0A1-2F68-472F-ABEA-70042ABB26D1}.Ad-Hoc|ARM.Build.0 = Debug|Any CPU
		{E526C0A1-2F68-472F-ABEA-70042ABB26D1}.Ad-Hoc|iPhone.ActiveCfg = Release|Any CPU
		{E526C0A1-2F68-472F-ABEA-70042ABB26D1}.Ad-Hoc|iPhone.Build.0 = Release|Any CPU
		{E526C0A1-2F68-472F-ABEA-70042ABB26D1}.Ad-Hoc|iPhoneSimulator.ActiveCfg = Release|Any CPU
		{E526C0A1-2F68-472F-ABEA-70042ABB26D1}.Ad-Hoc|iPhoneSimulator.Build.0 = Release|Any CPU
		{E526C0A1-2F68-472F-ABEA-70042ABB26D1}.Ad-Hoc|x64.ActiveCfg = Debug|Any CPU
		{E526C0A1-2F68-472F-ABEA-70042ABB26D1}.Ad-Hoc|x64.Build.0 = Debug|Any CPU
		{E526C0A1-2F68-472F-ABEA-70042ABB26D1}.Ad-Hoc|x86.ActiveCfg = Debug|Any CPU
		{E526C0A1-2F68-472F-ABEA-70042ABB26D1}.Ad-Hoc|x86.Build.0 = Debug|Any CPU
		{E526C0A1-2F68-472F-ABEA-70042ABB26D1}.AppStore|Any CPU.ActiveCfg = Release|Any CPU
		{E526C0A1-2F68-472F-ABEA-70042ABB26D1}.AppStore|Any CPU.Build.0 = Release|Any CPU
		{E526C0A1-2F68-472F-ABEA-70042ABB26D1}.AppStore|ARM.ActiveCfg = Debug|Any CPU
		{E526C0A1-2F68-472F-ABEA-70042ABB26D1}.AppStore|ARM.Build.0 = Debug|Any CPU
		{E526C0A1-2F68-472F-ABEA-70042ABB26D1}.AppStore|iPhone.ActiveCfg = Release|Any CPU
		{E526C0A1-2F68-472F-ABEA-70042ABB26D1}.AppStore|iPhone.Build.0 = Release|Any CPU
		{E526C0A1-2F68-472F-ABEA-70042ABB26D1}.AppStore|iPhoneSimulator.ActiveCfg = Release|Any CPU
		{E526C0A1-2F68-472F-ABEA-70042ABB26D1}.AppStore|iPhoneSimulator.Build.0 = Release|Any CPU
		{E526C0A1-2F68-472F-ABEA-70042ABB26D1}.AppStore|x64.ActiveCfg = Debug|Any CPU
		{E526C0A1-2F68-472F-ABEA-70042ABB26D1}.AppStore|x64.Build.0 = Debug|Any CPU
		{E526C0A1-2F68-472F-ABEA-70042ABB26D1}.AppStore|x86.ActiveCfg = Debug|Any CPU
		{E526C0A1-2F68-472F-ABEA-70042ABB26D1}.AppStore|x86.Build.0 = Debug|Any CPU
		{E526C0A1-2F68-472F-ABEA-70042ABB26D1}.Debug|Any CPU.ActiveCfg = Debug|Any CPU
		{E526C0A1-2F68-472F-ABEA-70042ABB26D1}.Debug|Any CPU.Build.0 = Debug|Any CPU
		{E526C0A1-2F68-472F-ABEA-70042ABB26D1}.Debug|ARM.ActiveCfg = Debug|Any CPU
		{E526C0A1-2F68-472F-ABEA-70042ABB26D1}.Debug|ARM.Build.0 = Debug|Any CPU
		{E526C0A1-2F68-472F-ABEA-70042ABB26D1}.Debug|iPhone.ActiveCfg = Debug|Any CPU
		{E526C0A1-2F68-472F-ABEA-70042ABB26D1}.Debug|iPhone.Build.0 = Debug|Any CPU
		{E526C0A1-2F68-472F-ABEA-70042ABB26D1}.Debug|iPhoneSimulator.ActiveCfg = Debug|Any CPU
		{E526C0A1-2F68-472F-ABEA-70042ABB26D1}.Debug|iPhoneSimulator.Build.0 = Debug|Any CPU
		{E526C0A1-2F68-472F-ABEA-70042ABB26D1}.Debug|x64.ActiveCfg = Debug|Any CPU
		{E526C0A1-2F68-472F-ABEA-70042ABB26D1}.Debug|x64.Build.0 = Debug|Any CPU
		{E526C0A1-2F68-472F-ABEA-70042ABB26D1}.Debug|x86.ActiveCfg = Debug|Any CPU
		{E526C0A1-2F68-472F-ABEA-70042ABB26D1}.Debug|x86.Build.0 = Debug|Any CPU
		{E526C0A1-2F68-472F-ABEA-70042ABB26D1}.Release|Any CPU.ActiveCfg = Release|Any CPU
		{E526C0A1-2F68-472F-ABEA-70042ABB26D1}.Release|Any CPU.Build.0 = Release|Any CPU
		{E526C0A1-2F68-472F-ABEA-70042ABB26D1}.Release|ARM.ActiveCfg = Release|Any CPU
		{E526C0A1-2F68-472F-ABEA-70042ABB26D1}.Release|ARM.Build.0 = Release|Any CPU
		{E526C0A1-2F68-472F-ABEA-70042ABB26D1}.Release|iPhone.ActiveCfg = Release|Any CPU
		{E526C0A1-2F68-472F-ABEA-70042ABB26D1}.Release|iPhone.Build.0 = Release|Any CPU
		{E526C0A1-2F68-472F-ABEA-70042ABB26D1}.Release|iPhoneSimulator.ActiveCfg = Release|Any CPU
		{E526C0A1-2F68-472F-ABEA-70042ABB26D1}.Release|iPhoneSimulator.Build.0 = Release|Any CPU
		{E526C0A1-2F68-472F-ABEA-70042ABB26D1}.Release|x64.ActiveCfg = Release|Any CPU
		{E526C0A1-2F68-472F-ABEA-70042ABB26D1}.Release|x64.Build.0 = Release|Any CPU
		{E526C0A1-2F68-472F-ABEA-70042ABB26D1}.Release|x86.ActiveCfg = Release|Any CPU
		{E526C0A1-2F68-472F-ABEA-70042ABB26D1}.Release|x86.Build.0 = Release|Any CPU
		{83A1944F-9321-4E04-AA9B-90E6C197023D}.Ad-Hoc|Any CPU.ActiveCfg = Release|Any CPU
		{83A1944F-9321-4E04-AA9B-90E6C197023D}.Ad-Hoc|Any CPU.Build.0 = Release|Any CPU
		{83A1944F-9321-4E04-AA9B-90E6C197023D}.Ad-Hoc|ARM.ActiveCfg = Debug|Any CPU
		{83A1944F-9321-4E04-AA9B-90E6C197023D}.Ad-Hoc|ARM.Build.0 = Debug|Any CPU
		{83A1944F-9321-4E04-AA9B-90E6C197023D}.Ad-Hoc|iPhone.ActiveCfg = Release|Any CPU
		{83A1944F-9321-4E04-AA9B-90E6C197023D}.Ad-Hoc|iPhone.Build.0 = Release|Any CPU
		{83A1944F-9321-4E04-AA9B-90E6C197023D}.Ad-Hoc|iPhoneSimulator.ActiveCfg = Release|Any CPU
		{83A1944F-9321-4E04-AA9B-90E6C197023D}.Ad-Hoc|iPhoneSimulator.Build.0 = Release|Any CPU
		{83A1944F-9321-4E04-AA9B-90E6C197023D}.Ad-Hoc|x64.ActiveCfg = Debug|Any CPU
		{83A1944F-9321-4E04-AA9B-90E6C197023D}.Ad-Hoc|x64.Build.0 = Debug|Any CPU
		{83A1944F-9321-4E04-AA9B-90E6C197023D}.Ad-Hoc|x86.ActiveCfg = Debug|Any CPU
		{83A1944F-9321-4E04-AA9B-90E6C197023D}.Ad-Hoc|x86.Build.0 = Debug|Any CPU
		{83A1944F-9321-4E04-AA9B-90E6C197023D}.AppStore|Any CPU.ActiveCfg = Release|Any CPU
		{83A1944F-9321-4E04-AA9B-90E6C197023D}.AppStore|Any CPU.Build.0 = Release|Any CPU
		{83A1944F-9321-4E04-AA9B-90E6C197023D}.AppStore|ARM.ActiveCfg = Debug|Any CPU
		{83A1944F-9321-4E04-AA9B-90E6C197023D}.AppStore|ARM.Build.0 = Debug|Any CPU
		{83A1944F-9321-4E04-AA9B-90E6C197023D}.AppStore|iPhone.ActiveCfg = Release|Any CPU
		{83A1944F-9321-4E04-AA9B-90E6C197023D}.AppStore|iPhone.Build.0 = Release|Any CPU
		{83A1944F-9321-4E04-AA9B-90E6C197023D}.AppStore|iPhoneSimulator.ActiveCfg = Release|Any CPU
		{83A1944F-9321-4E04-AA9B-90E6C197023D}.AppStore|iPhoneSimulator.Build.0 = Release|Any CPU
		{83A1944F-9321-4E04-AA9B-90E6C197023D}.AppStore|x64.ActiveCfg = Debug|Any CPU
		{83A1944F-9321-4E04-AA9B-90E6C197023D}.AppStore|x64.Build.0 = Debug|Any CPU
		{83A1944F-9321-4E04-AA9B-90E6C197023D}.AppStore|x86.ActiveCfg = Debug|Any CPU
		{83A1944F-9321-4E04-AA9B-90E6C197023D}.AppStore|x86.Build.0 = Debug|Any CPU
		{83A1944F-9321-4E04-AA9B-90E6C197023D}.Debug|Any CPU.ActiveCfg = Debug|Any CPU
		{83A1944F-9321-4E04-AA9B-90E6C197023D}.Debug|Any CPU.Build.0 = Debug|Any CPU
		{83A1944F-9321-4E04-AA9B-90E6C197023D}.Debug|ARM.ActiveCfg = Debug|Any CPU
		{83A1944F-9321-4E04-AA9B-90E6C197023D}.Debug|ARM.Build.0 = Debug|Any CPU
		{83A1944F-9321-4E04-AA9B-90E6C197023D}.Debug|iPhone.ActiveCfg = Debug|Any CPU
		{83A1944F-9321-4E04-AA9B-90E6C197023D}.Debug|iPhone.Build.0 = Debug|Any CPU
		{83A1944F-9321-4E04-AA9B-90E6C197023D}.Debug|iPhoneSimulator.ActiveCfg = Debug|Any CPU
		{83A1944F-9321-4E04-AA9B-90E6C197023D}.Debug|iPhoneSimulator.Build.0 = Debug|Any CPU
		{83A1944F-9321-4E04-AA9B-90E6C197023D}.Debug|x64.ActiveCfg = Debug|Any CPU
		{83A1944F-9321-4E04-AA9B-90E6C197023D}.Debug|x64.Build.0 = Debug|Any CPU
		{83A1944F-9321-4E04-AA9B-90E6C197023D}.Debug|x86.ActiveCfg = Debug|Any CPU
		{83A1944F-9321-4E04-AA9B-90E6C197023D}.Debug|x86.Build.0 = Debug|Any CPU
		{83A1944F-9321-4E04-AA9B-90E6C197023D}.Release|Any CPU.ActiveCfg = Release|Any CPU
		{83A1944F-9321-4E04-AA9B-90E6C197023D}.Release|Any CPU.Build.0 = Release|Any CPU
		{83A1944F-9321-4E04-AA9B-90E6C197023D}.Release|ARM.ActiveCfg = Release|Any CPU
		{83A1944F-9321-4E04-AA9B-90E6C197023D}.Release|ARM.Build.0 = Release|Any CPU
		{83A1944F-9321-4E04-AA9B-90E6C197023D}.Release|iPhone.ActiveCfg = Release|Any CPU
		{83A1944F-9321-4E04-AA9B-90E6C197023D}.Release|iPhone.Build.0 = Release|Any CPU
		{83A1944F-9321-4E04-AA9B-90E6C197023D}.Release|iPhoneSimulator.ActiveCfg = Release|Any CPU
		{83A1944F-9321-4E04-AA9B-90E6C197023D}.Release|iPhoneSimulator.Build.0 = Release|Any CPU
		{83A1944F-9321-4E04-AA9B-90E6C197023D}.Release|x64.ActiveCfg = Release|Any CPU
		{83A1944F-9321-4E04-AA9B-90E6C197023D}.Release|x64.Build.0 = Release|Any CPU
		{83A1944F-9321-4E04-AA9B-90E6C197023D}.Release|x86.ActiveCfg = Release|Any CPU
		{83A1944F-9321-4E04-AA9B-90E6C197023D}.Release|x86.Build.0 = Release|Any CPU
		{0CC385DC-5529-486A-8152-6A9E0E28FF9E}.Ad-Hoc|Any CPU.ActiveCfg = Release|Any CPU
		{0CC385DC-5529-486A-8152-6A9E0E28FF9E}.Ad-Hoc|Any CPU.Build.0 = Release|Any CPU
		{0CC385DC-5529-486A-8152-6A9E0E28FF9E}.Ad-Hoc|ARM.ActiveCfg = Debug|Any CPU
		{0CC385DC-5529-486A-8152-6A9E0E28FF9E}.Ad-Hoc|ARM.Build.0 = Debug|Any CPU
		{0CC385DC-5529-486A-8152-6A9E0E28FF9E}.Ad-Hoc|iPhone.ActiveCfg = Release|Any CPU
		{0CC385DC-5529-486A-8152-6A9E0E28FF9E}.Ad-Hoc|iPhone.Build.0 = Release|Any CPU
		{0CC385DC-5529-486A-8152-6A9E0E28FF9E}.Ad-Hoc|iPhoneSimulator.ActiveCfg = Release|Any CPU
		{0CC385DC-5529-486A-8152-6A9E0E28FF9E}.Ad-Hoc|iPhoneSimulator.Build.0 = Release|Any CPU
		{0CC385DC-5529-486A-8152-6A9E0E28FF9E}.Ad-Hoc|x64.ActiveCfg = Debug|Any CPU
		{0CC385DC-5529-486A-8152-6A9E0E28FF9E}.Ad-Hoc|x64.Build.0 = Debug|Any CPU
		{0CC385DC-5529-486A-8152-6A9E0E28FF9E}.Ad-Hoc|x86.ActiveCfg = Debug|Any CPU
		{0CC385DC-5529-486A-8152-6A9E0E28FF9E}.Ad-Hoc|x86.Build.0 = Debug|Any CPU
		{0CC385DC-5529-486A-8152-6A9E0E28FF9E}.AppStore|Any CPU.ActiveCfg = Release|Any CPU
		{0CC385DC-5529-486A-8152-6A9E0E28FF9E}.AppStore|Any CPU.Build.0 = Release|Any CPU
		{0CC385DC-5529-486A-8152-6A9E0E28FF9E}.AppStore|ARM.ActiveCfg = Debug|Any CPU
		{0CC385DC-5529-486A-8152-6A9E0E28FF9E}.AppStore|ARM.Build.0 = Debug|Any CPU
		{0CC385DC-5529-486A-8152-6A9E0E28FF9E}.AppStore|iPhone.ActiveCfg = Release|Any CPU
		{0CC385DC-5529-486A-8152-6A9E0E28FF9E}.AppStore|iPhone.Build.0 = Release|Any CPU
		{0CC385DC-5529-486A-8152-6A9E0E28FF9E}.AppStore|iPhoneSimulator.ActiveCfg = Release|Any CPU
		{0CC385DC-5529-486A-8152-6A9E0E28FF9E}.AppStore|iPhoneSimulator.Build.0 = Release|Any CPU
		{0CC385DC-5529-486A-8152-6A9E0E28FF9E}.AppStore|x64.ActiveCfg = Debug|Any CPU
		{0CC385DC-5529-486A-8152-6A9E0E28FF9E}.AppStore|x64.Build.0 = Debug|Any CPU
		{0CC385DC-5529-486A-8152-6A9E0E28FF9E}.AppStore|x86.ActiveCfg = Debug|Any CPU
		{0CC385DC-5529-486A-8152-6A9E0E28FF9E}.AppStore|x86.Build.0 = Debug|Any CPU
		{0CC385DC-5529-486A-8152-6A9E0E28FF9E}.Debug|Any CPU.ActiveCfg = Debug|Any CPU
		{0CC385DC-5529-486A-8152-6A9E0E28FF9E}.Debug|Any CPU.Build.0 = Debug|Any CPU
		{0CC385DC-5529-486A-8152-6A9E0E28FF9E}.Debug|ARM.ActiveCfg = Debug|Any CPU
		{0CC385DC-5529-486A-8152-6A9E0E28FF9E}.Debug|ARM.Build.0 = Debug|Any CPU
		{0CC385DC-5529-486A-8152-6A9E0E28FF9E}.Debug|iPhone.ActiveCfg = Debug|Any CPU
		{0CC385DC-5529-486A-8152-6A9E0E28FF9E}.Debug|iPhone.Build.0 = Debug|Any CPU
		{0CC385DC-5529-486A-8152-6A9E0E28FF9E}.Debug|iPhoneSimulator.ActiveCfg = Debug|Any CPU
		{0CC385DC-5529-486A-8152-6A9E0E28FF9E}.Debug|iPhoneSimulator.Build.0 = Debug|Any CPU
		{0CC385DC-5529-486A-8152-6A9E0E28FF9E}.Debug|x64.ActiveCfg = Debug|Any CPU
		{0CC385DC-5529-486A-8152-6A9E0E28FF9E}.Debug|x64.Build.0 = Debug|Any CPU
		{0CC385DC-5529-486A-8152-6A9E0E28FF9E}.Debug|x86.ActiveCfg = Debug|Any CPU
		{0CC385DC-5529-486A-8152-6A9E0E28FF9E}.Debug|x86.Build.0 = Debug|Any CPU
		{0CC385DC-5529-486A-8152-6A9E0E28FF9E}.Release|Any CPU.ActiveCfg = Release|Any CPU
		{0CC385DC-5529-486A-8152-6A9E0E28FF9E}.Release|Any CPU.Build.0 = Release|Any CPU
		{0CC385DC-5529-486A-8152-6A9E0E28FF9E}.Release|ARM.ActiveCfg = Release|Any CPU
		{0CC385DC-5529-486A-8152-6A9E0E28FF9E}.Release|ARM.Build.0 = Release|Any CPU
		{0CC385DC-5529-486A-8152-6A9E0E28FF9E}.Release|iPhone.ActiveCfg = Release|Any CPU
		{0CC385DC-5529-486A-8152-6A9E0E28FF9E}.Release|iPhone.Build.0 = Release|Any CPU
		{0CC385DC-5529-486A-8152-6A9E0E28FF9E}.Release|iPhoneSimulator.ActiveCfg = Release|Any CPU
		{0CC385DC-5529-486A-8152-6A9E0E28FF9E}.Release|iPhoneSimulator.Build.0 = Release|Any CPU
		{0CC385DC-5529-486A-8152-6A9E0E28FF9E}.Release|x64.ActiveCfg = Release|Any CPU
		{0CC385DC-5529-486A-8152-6A9E0E28FF9E}.Release|x64.Build.0 = Release|Any CPU
		{0CC385DC-5529-486A-8152-6A9E0E28FF9E}.Release|x86.ActiveCfg = Release|Any CPU
		{0CC385DC-5529-486A-8152-6A9E0E28FF9E}.Release|x86.Build.0 = Release|Any CPU
		{BF1AF39F-5C1E-4ACC-A75C-165E05E96B73}.Ad-Hoc|Any CPU.ActiveCfg = Debug|Any CPU
		{BF1AF39F-5C1E-4ACC-A75C-165E05E96B73}.Ad-Hoc|Any CPU.Build.0 = Debug|Any CPU
		{BF1AF39F-5C1E-4ACC-A75C-165E05E96B73}.Ad-Hoc|ARM.ActiveCfg = Debug|Any CPU
		{BF1AF39F-5C1E-4ACC-A75C-165E05E96B73}.Ad-Hoc|ARM.Build.0 = Debug|Any CPU
		{BF1AF39F-5C1E-4ACC-A75C-165E05E96B73}.Ad-Hoc|iPhone.ActiveCfg = Debug|Any CPU
		{BF1AF39F-5C1E-4ACC-A75C-165E05E96B73}.Ad-Hoc|iPhone.Build.0 = Debug|Any CPU
		{BF1AF39F-5C1E-4ACC-A75C-165E05E96B73}.Ad-Hoc|iPhoneSimulator.ActiveCfg = Debug|Any CPU
		{BF1AF39F-5C1E-4ACC-A75C-165E05E96B73}.Ad-Hoc|iPhoneSimulator.Build.0 = Debug|Any CPU
		{BF1AF39F-5C1E-4ACC-A75C-165E05E96B73}.Ad-Hoc|x64.ActiveCfg = Debug|Any CPU
		{BF1AF39F-5C1E-4ACC-A75C-165E05E96B73}.Ad-Hoc|x64.Build.0 = Debug|Any CPU
		{BF1AF39F-5C1E-4ACC-A75C-165E05E96B73}.Ad-Hoc|x86.ActiveCfg = Debug|Any CPU
		{BF1AF39F-5C1E-4ACC-A75C-165E05E96B73}.Ad-Hoc|x86.Build.0 = Debug|Any CPU
		{BF1AF39F-5C1E-4ACC-A75C-165E05E96B73}.AppStore|Any CPU.ActiveCfg = Debug|Any CPU
		{BF1AF39F-5C1E-4ACC-A75C-165E05E96B73}.AppStore|Any CPU.Build.0 = Debug|Any CPU
		{BF1AF39F-5C1E-4ACC-A75C-165E05E96B73}.AppStore|ARM.ActiveCfg = Debug|Any CPU
		{BF1AF39F-5C1E-4ACC-A75C-165E05E96B73}.AppStore|ARM.Build.0 = Debug|Any CPU
		{BF1AF39F-5C1E-4ACC-A75C-165E05E96B73}.AppStore|iPhone.ActiveCfg = Debug|Any CPU
		{BF1AF39F-5C1E-4ACC-A75C-165E05E96B73}.AppStore|iPhone.Build.0 = Debug|Any CPU
		{BF1AF39F-5C1E-4ACC-A75C-165E05E96B73}.AppStore|iPhoneSimulator.ActiveCfg = Debug|Any CPU
		{BF1AF39F-5C1E-4ACC-A75C-165E05E96B73}.AppStore|iPhoneSimulator.Build.0 = Debug|Any CPU
		{BF1AF39F-5C1E-4ACC-A75C-165E05E96B73}.AppStore|x64.ActiveCfg = Debug|Any CPU
		{BF1AF39F-5C1E-4ACC-A75C-165E05E96B73}.AppStore|x64.Build.0 = Debug|Any CPU
		{BF1AF39F-5C1E-4ACC-A75C-165E05E96B73}.AppStore|x86.ActiveCfg = Debug|Any CPU
		{BF1AF39F-5C1E-4ACC-A75C-165E05E96B73}.AppStore|x86.Build.0 = Debug|Any CPU
		{BF1AF39F-5C1E-4ACC-A75C-165E05E96B73}.Debug|Any CPU.ActiveCfg = Debug|Any CPU
		{BF1AF39F-5C1E-4ACC-A75C-165E05E96B73}.Debug|Any CPU.Build.0 = Debug|Any CPU
		{BF1AF39F-5C1E-4ACC-A75C-165E05E96B73}.Debug|ARM.ActiveCfg = Debug|Any CPU
		{BF1AF39F-5C1E-4ACC-A75C-165E05E96B73}.Debug|ARM.Build.0 = Debug|Any CPU
		{BF1AF39F-5C1E-4ACC-A75C-165E05E96B73}.Debug|iPhone.ActiveCfg = Debug|Any CPU
		{BF1AF39F-5C1E-4ACC-A75C-165E05E96B73}.Debug|iPhone.Build.0 = Debug|Any CPU
		{BF1AF39F-5C1E-4ACC-A75C-165E05E96B73}.Debug|iPhoneSimulator.ActiveCfg = Debug|Any CPU
		{BF1AF39F-5C1E-4ACC-A75C-165E05E96B73}.Debug|iPhoneSimulator.Build.0 = Debug|Any CPU
		{BF1AF39F-5C1E-4ACC-A75C-165E05E96B73}.Debug|x64.ActiveCfg = Debug|Any CPU
		{BF1AF39F-5C1E-4ACC-A75C-165E05E96B73}.Debug|x64.Build.0 = Debug|Any CPU
		{BF1AF39F-5C1E-4ACC-A75C-165E05E96B73}.Debug|x86.ActiveCfg = Debug|Any CPU
		{BF1AF39F-5C1E-4ACC-A75C-165E05E96B73}.Debug|x86.Build.0 = Debug|Any CPU
		{BF1AF39F-5C1E-4ACC-A75C-165E05E96B73}.Release|Any CPU.ActiveCfg = Release|Any CPU
		{BF1AF39F-5C1E-4ACC-A75C-165E05E96B73}.Release|Any CPU.Build.0 = Release|Any CPU
		{BF1AF39F-5C1E-4ACC-A75C-165E05E96B73}.Release|ARM.ActiveCfg = Release|Any CPU
		{BF1AF39F-5C1E-4ACC-A75C-165E05E96B73}.Release|ARM.Build.0 = Release|Any CPU
		{BF1AF39F-5C1E-4ACC-A75C-165E05E96B73}.Release|iPhone.ActiveCfg = Release|Any CPU
		{BF1AF39F-5C1E-4ACC-A75C-165E05E96B73}.Release|iPhone.Build.0 = Release|Any CPU
		{BF1AF39F-5C1E-4ACC-A75C-165E05E96B73}.Release|iPhoneSimulator.ActiveCfg = Release|Any CPU
		{BF1AF39F-5C1E-4ACC-A75C-165E05E96B73}.Release|iPhoneSimulator.Build.0 = Release|Any CPU
		{BF1AF39F-5C1E-4ACC-A75C-165E05E96B73}.Release|x64.ActiveCfg = Release|Any CPU
		{BF1AF39F-5C1E-4ACC-A75C-165E05E96B73}.Release|x64.Build.0 = Release|Any CPU
		{BF1AF39F-5C1E-4ACC-A75C-165E05E96B73}.Release|x86.ActiveCfg = Release|Any CPU
		{BF1AF39F-5C1E-4ACC-A75C-165E05E96B73}.Release|x86.Build.0 = Release|Any CPU
		{515CB3CC-792C-44B1-8C5F-6AA10198BA51}.Ad-Hoc|Any CPU.ActiveCfg = Debug|Any CPU
		{515CB3CC-792C-44B1-8C5F-6AA10198BA51}.Ad-Hoc|Any CPU.Build.0 = Debug|Any CPU
		{515CB3CC-792C-44B1-8C5F-6AA10198BA51}.Ad-Hoc|ARM.ActiveCfg = Debug|Any CPU
		{515CB3CC-792C-44B1-8C5F-6AA10198BA51}.Ad-Hoc|ARM.Build.0 = Debug|Any CPU
		{515CB3CC-792C-44B1-8C5F-6AA10198BA51}.Ad-Hoc|iPhone.ActiveCfg = Debug|Any CPU
		{515CB3CC-792C-44B1-8C5F-6AA10198BA51}.Ad-Hoc|iPhone.Build.0 = Debug|Any CPU
		{515CB3CC-792C-44B1-8C5F-6AA10198BA51}.Ad-Hoc|iPhoneSimulator.ActiveCfg = Debug|Any CPU
		{515CB3CC-792C-44B1-8C5F-6AA10198BA51}.Ad-Hoc|iPhoneSimulator.Build.0 = Debug|Any CPU
		{515CB3CC-792C-44B1-8C5F-6AA10198BA51}.Ad-Hoc|x64.ActiveCfg = Debug|Any CPU
		{515CB3CC-792C-44B1-8C5F-6AA10198BA51}.Ad-Hoc|x64.Build.0 = Debug|Any CPU
		{515CB3CC-792C-44B1-8C5F-6AA10198BA51}.Ad-Hoc|x86.ActiveCfg = Debug|Any CPU
		{515CB3CC-792C-44B1-8C5F-6AA10198BA51}.Ad-Hoc|x86.Build.0 = Debug|Any CPU
		{515CB3CC-792C-44B1-8C5F-6AA10198BA51}.AppStore|Any CPU.ActiveCfg = Debug|Any CPU
		{515CB3CC-792C-44B1-8C5F-6AA10198BA51}.AppStore|Any CPU.Build.0 = Debug|Any CPU
		{515CB3CC-792C-44B1-8C5F-6AA10198BA51}.AppStore|ARM.ActiveCfg = Debug|Any CPU
		{515CB3CC-792C-44B1-8C5F-6AA10198BA51}.AppStore|ARM.Build.0 = Debug|Any CPU
		{515CB3CC-792C-44B1-8C5F-6AA10198BA51}.AppStore|iPhone.ActiveCfg = Debug|Any CPU
		{515CB3CC-792C-44B1-8C5F-6AA10198BA51}.AppStore|iPhone.Build.0 = Debug|Any CPU
		{515CB3CC-792C-44B1-8C5F-6AA10198BA51}.AppStore|iPhoneSimulator.ActiveCfg = Debug|Any CPU
		{515CB3CC-792C-44B1-8C5F-6AA10198BA51}.AppStore|iPhoneSimulator.Build.0 = Debug|Any CPU
		{515CB3CC-792C-44B1-8C5F-6AA10198BA51}.AppStore|x64.ActiveCfg = Debug|Any CPU
		{515CB3CC-792C-44B1-8C5F-6AA10198BA51}.AppStore|x64.Build.0 = Debug|Any CPU
		{515CB3CC-792C-44B1-8C5F-6AA10198BA51}.AppStore|x86.ActiveCfg = Debug|Any CPU
		{515CB3CC-792C-44B1-8C5F-6AA10198BA51}.AppStore|x86.Build.0 = Debug|Any CPU
		{515CB3CC-792C-44B1-8C5F-6AA10198BA51}.Debug|Any CPU.ActiveCfg = Debug|Any CPU
		{515CB3CC-792C-44B1-8C5F-6AA10198BA51}.Debug|Any CPU.Build.0 = Debug|Any CPU
		{515CB3CC-792C-44B1-8C5F-6AA10198BA51}.Debug|ARM.ActiveCfg = Debug|Any CPU
		{515CB3CC-792C-44B1-8C5F-6AA10198BA51}.Debug|ARM.Build.0 = Debug|Any CPU
		{515CB3CC-792C-44B1-8C5F-6AA10198BA51}.Debug|iPhone.ActiveCfg = Debug|Any CPU
		{515CB3CC-792C-44B1-8C5F-6AA10198BA51}.Debug|iPhone.Build.0 = Debug|Any CPU
		{515CB3CC-792C-44B1-8C5F-6AA10198BA51}.Debug|iPhoneSimulator.ActiveCfg = Debug|Any CPU
		{515CB3CC-792C-44B1-8C5F-6AA10198BA51}.Debug|iPhoneSimulator.Build.0 = Debug|Any CPU
		{515CB3CC-792C-44B1-8C5F-6AA10198BA51}.Debug|x64.ActiveCfg = Debug|Any CPU
		{515CB3CC-792C-44B1-8C5F-6AA10198BA51}.Debug|x64.Build.0 = Debug|Any CPU
		{515CB3CC-792C-44B1-8C5F-6AA10198BA51}.Debug|x86.ActiveCfg = Debug|Any CPU
		{515CB3CC-792C-44B1-8C5F-6AA10198BA51}.Debug|x86.Build.0 = Debug|Any CPU
		{515CB3CC-792C-44B1-8C5F-6AA10198BA51}.Release|Any CPU.ActiveCfg = Release|Any CPU
		{515CB3CC-792C-44B1-8C5F-6AA10198BA51}.Release|Any CPU.Build.0 = Release|Any CPU
		{515CB3CC-792C-44B1-8C5F-6AA10198BA51}.Release|ARM.ActiveCfg = Release|Any CPU
		{515CB3CC-792C-44B1-8C5F-6AA10198BA51}.Release|ARM.Build.0 = Release|Any CPU
		{515CB3CC-792C-44B1-8C5F-6AA10198BA51}.Release|iPhone.ActiveCfg = Release|Any CPU
		{515CB3CC-792C-44B1-8C5F-6AA10198BA51}.Release|iPhone.Build.0 = Release|Any CPU
		{515CB3CC-792C-44B1-8C5F-6AA10198BA51}.Release|iPhoneSimulator.ActiveCfg = Release|Any CPU
		{515CB3CC-792C-44B1-8C5F-6AA10198BA51}.Release|iPhoneSimulator.Build.0 = Release|Any CPU
		{515CB3CC-792C-44B1-8C5F-6AA10198BA51}.Release|x64.ActiveCfg = Release|Any CPU
		{515CB3CC-792C-44B1-8C5F-6AA10198BA51}.Release|x64.Build.0 = Release|Any CPU
		{515CB3CC-792C-44B1-8C5F-6AA10198BA51}.Release|x86.ActiveCfg = Release|Any CPU
		{515CB3CC-792C-44B1-8C5F-6AA10198BA51}.Release|x86.Build.0 = Release|Any CPU
		{CDCC6449-80B9-4597-A79E-0B42C5BE6A94}.Ad-Hoc|Any CPU.ActiveCfg = Debug|Any CPU
		{CDCC6449-80B9-4597-A79E-0B42C5BE6A94}.Ad-Hoc|Any CPU.Build.0 = Debug|Any CPU
		{CDCC6449-80B9-4597-A79E-0B42C5BE6A94}.Ad-Hoc|ARM.ActiveCfg = Debug|Any CPU
		{CDCC6449-80B9-4597-A79E-0B42C5BE6A94}.Ad-Hoc|ARM.Build.0 = Debug|Any CPU
		{CDCC6449-80B9-4597-A79E-0B42C5BE6A94}.Ad-Hoc|iPhone.ActiveCfg = Debug|Any CPU
		{CDCC6449-80B9-4597-A79E-0B42C5BE6A94}.Ad-Hoc|iPhone.Build.0 = Debug|Any CPU
		{CDCC6449-80B9-4597-A79E-0B42C5BE6A94}.Ad-Hoc|iPhoneSimulator.ActiveCfg = Debug|Any CPU
		{CDCC6449-80B9-4597-A79E-0B42C5BE6A94}.Ad-Hoc|iPhoneSimulator.Build.0 = Debug|Any CPU
		{CDCC6449-80B9-4597-A79E-0B42C5BE6A94}.Ad-Hoc|x64.ActiveCfg = Debug|Any CPU
		{CDCC6449-80B9-4597-A79E-0B42C5BE6A94}.Ad-Hoc|x64.Build.0 = Debug|Any CPU
		{CDCC6449-80B9-4597-A79E-0B42C5BE6A94}.Ad-Hoc|x86.ActiveCfg = Debug|Any CPU
		{CDCC6449-80B9-4597-A79E-0B42C5BE6A94}.Ad-Hoc|x86.Build.0 = Debug|Any CPU
		{CDCC6449-80B9-4597-A79E-0B42C5BE6A94}.AppStore|Any CPU.ActiveCfg = Debug|Any CPU
		{CDCC6449-80B9-4597-A79E-0B42C5BE6A94}.AppStore|Any CPU.Build.0 = Debug|Any CPU
		{CDCC6449-80B9-4597-A79E-0B42C5BE6A94}.AppStore|ARM.ActiveCfg = Debug|Any CPU
		{CDCC6449-80B9-4597-A79E-0B42C5BE6A94}.AppStore|ARM.Build.0 = Debug|Any CPU
		{CDCC6449-80B9-4597-A79E-0B42C5BE6A94}.AppStore|iPhone.ActiveCfg = Debug|Any CPU
		{CDCC6449-80B9-4597-A79E-0B42C5BE6A94}.AppStore|iPhone.Build.0 = Debug|Any CPU
		{CDCC6449-80B9-4597-A79E-0B42C5BE6A94}.AppStore|iPhoneSimulator.ActiveCfg = Debug|Any CPU
		{CDCC6449-80B9-4597-A79E-0B42C5BE6A94}.AppStore|iPhoneSimulator.Build.0 = Debug|Any CPU
		{CDCC6449-80B9-4597-A79E-0B42C5BE6A94}.AppStore|x64.ActiveCfg = Debug|Any CPU
		{CDCC6449-80B9-4597-A79E-0B42C5BE6A94}.AppStore|x64.Build.0 = Debug|Any CPU
		{CDCC6449-80B9-4597-A79E-0B42C5BE6A94}.AppStore|x86.ActiveCfg = Debug|Any CPU
		{CDCC6449-80B9-4597-A79E-0B42C5BE6A94}.AppStore|x86.Build.0 = Debug|Any CPU
		{CDCC6449-80B9-4597-A79E-0B42C5BE6A94}.Debug|Any CPU.ActiveCfg = Debug|Any CPU
		{CDCC6449-80B9-4597-A79E-0B42C5BE6A94}.Debug|Any CPU.Build.0 = Debug|Any CPU
		{CDCC6449-80B9-4597-A79E-0B42C5BE6A94}.Debug|ARM.ActiveCfg = Debug|Any CPU
		{CDCC6449-80B9-4597-A79E-0B42C5BE6A94}.Debug|ARM.Build.0 = Debug|Any CPU
		{CDCC6449-80B9-4597-A79E-0B42C5BE6A94}.Debug|iPhone.ActiveCfg = Debug|Any CPU
		{CDCC6449-80B9-4597-A79E-0B42C5BE6A94}.Debug|iPhone.Build.0 = Debug|Any CPU
		{CDCC6449-80B9-4597-A79E-0B42C5BE6A94}.Debug|iPhoneSimulator.ActiveCfg = Debug|Any CPU
		{CDCC6449-80B9-4597-A79E-0B42C5BE6A94}.Debug|iPhoneSimulator.Build.0 = Debug|Any CPU
		{CDCC6449-80B9-4597-A79E-0B42C5BE6A94}.Debug|x64.ActiveCfg = Debug|Any CPU
		{CDCC6449-80B9-4597-A79E-0B42C5BE6A94}.Debug|x64.Build.0 = Debug|Any CPU
		{CDCC6449-80B9-4597-A79E-0B42C5BE6A94}.Debug|x86.ActiveCfg = Debug|Any CPU
		{CDCC6449-80B9-4597-A79E-0B42C5BE6A94}.Debug|x86.Build.0 = Debug|Any CPU
		{CDCC6449-80B9-4597-A79E-0B42C5BE6A94}.Release|Any CPU.ActiveCfg = Release|Any CPU
		{CDCC6449-80B9-4597-A79E-0B42C5BE6A94}.Release|Any CPU.Build.0 = Release|Any CPU
		{CDCC6449-80B9-4597-A79E-0B42C5BE6A94}.Release|ARM.ActiveCfg = Release|Any CPU
		{CDCC6449-80B9-4597-A79E-0B42C5BE6A94}.Release|ARM.Build.0 = Release|Any CPU
		{CDCC6449-80B9-4597-A79E-0B42C5BE6A94}.Release|iPhone.ActiveCfg = Release|Any CPU
		{CDCC6449-80B9-4597-A79E-0B42C5BE6A94}.Release|iPhone.Build.0 = Release|Any CPU
		{CDCC6449-80B9-4597-A79E-0B42C5BE6A94}.Release|iPhoneSimulator.ActiveCfg = Release|Any CPU
		{CDCC6449-80B9-4597-A79E-0B42C5BE6A94}.Release|iPhoneSimulator.Build.0 = Release|Any CPU
		{CDCC6449-80B9-4597-A79E-0B42C5BE6A94}.Release|x64.ActiveCfg = Release|Any CPU
		{CDCC6449-80B9-4597-A79E-0B42C5BE6A94}.Release|x64.Build.0 = Release|Any CPU
		{CDCC6449-80B9-4597-A79E-0B42C5BE6A94}.Release|x86.ActiveCfg = Release|Any CPU
		{CDCC6449-80B9-4597-A79E-0B42C5BE6A94}.Release|x86.Build.0 = Release|Any CPU
		{305664A6-4343-44AF-B9D9-15A700D6DFD6}.Ad-Hoc|Any CPU.ActiveCfg = Debug|Any CPU
		{305664A6-4343-44AF-B9D9-15A700D6DFD6}.Ad-Hoc|Any CPU.Build.0 = Debug|Any CPU
		{305664A6-4343-44AF-B9D9-15A700D6DFD6}.Ad-Hoc|ARM.ActiveCfg = Debug|Any CPU
		{305664A6-4343-44AF-B9D9-15A700D6DFD6}.Ad-Hoc|ARM.Build.0 = Debug|Any CPU
		{305664A6-4343-44AF-B9D9-15A700D6DFD6}.Ad-Hoc|iPhone.ActiveCfg = Debug|Any CPU
		{305664A6-4343-44AF-B9D9-15A700D6DFD6}.Ad-Hoc|iPhone.Build.0 = Debug|Any CPU
		{305664A6-4343-44AF-B9D9-15A700D6DFD6}.Ad-Hoc|iPhoneSimulator.ActiveCfg = Debug|Any CPU
		{305664A6-4343-44AF-B9D9-15A700D6DFD6}.Ad-Hoc|iPhoneSimulator.Build.0 = Debug|Any CPU
		{305664A6-4343-44AF-B9D9-15A700D6DFD6}.Ad-Hoc|x64.ActiveCfg = Debug|Any CPU
		{305664A6-4343-44AF-B9D9-15A700D6DFD6}.Ad-Hoc|x64.Build.0 = Debug|Any CPU
		{305664A6-4343-44AF-B9D9-15A700D6DFD6}.Ad-Hoc|x86.ActiveCfg = Debug|Any CPU
		{305664A6-4343-44AF-B9D9-15A700D6DFD6}.Ad-Hoc|x86.Build.0 = Debug|Any CPU
		{305664A6-4343-44AF-B9D9-15A700D6DFD6}.AppStore|Any CPU.ActiveCfg = Debug|Any CPU
		{305664A6-4343-44AF-B9D9-15A700D6DFD6}.AppStore|Any CPU.Build.0 = Debug|Any CPU
		{305664A6-4343-44AF-B9D9-15A700D6DFD6}.AppStore|ARM.ActiveCfg = Debug|Any CPU
		{305664A6-4343-44AF-B9D9-15A700D6DFD6}.AppStore|ARM.Build.0 = Debug|Any CPU
		{305664A6-4343-44AF-B9D9-15A700D6DFD6}.AppStore|iPhone.ActiveCfg = Debug|Any CPU
		{305664A6-4343-44AF-B9D9-15A700D6DFD6}.AppStore|iPhone.Build.0 = Debug|Any CPU
		{305664A6-4343-44AF-B9D9-15A700D6DFD6}.AppStore|iPhoneSimulator.ActiveCfg = Debug|Any CPU
		{305664A6-4343-44AF-B9D9-15A700D6DFD6}.AppStore|iPhoneSimulator.Build.0 = Debug|Any CPU
		{305664A6-4343-44AF-B9D9-15A700D6DFD6}.AppStore|x64.ActiveCfg = Debug|Any CPU
		{305664A6-4343-44AF-B9D9-15A700D6DFD6}.AppStore|x64.Build.0 = Debug|Any CPU
		{305664A6-4343-44AF-B9D9-15A700D6DFD6}.AppStore|x86.ActiveCfg = Debug|Any CPU
		{305664A6-4343-44AF-B9D9-15A700D6DFD6}.AppStore|x86.Build.0 = Debug|Any CPU
		{305664A6-4343-44AF-B9D9-15A700D6DFD6}.Debug|Any CPU.ActiveCfg = Debug|Any CPU
		{305664A6-4343-44AF-B9D9-15A700D6DFD6}.Debug|Any CPU.Build.0 = Debug|Any CPU
		{305664A6-4343-44AF-B9D9-15A700D6DFD6}.Debug|ARM.ActiveCfg = Debug|Any CPU
		{305664A6-4343-44AF-B9D9-15A700D6DFD6}.Debug|ARM.Build.0 = Debug|Any CPU
		{305664A6-4343-44AF-B9D9-15A700D6DFD6}.Debug|iPhone.ActiveCfg = Debug|Any CPU
		{305664A6-4343-44AF-B9D9-15A700D6DFD6}.Debug|iPhone.Build.0 = Debug|Any CPU
		{305664A6-4343-44AF-B9D9-15A700D6DFD6}.Debug|iPhoneSimulator.ActiveCfg = Debug|Any CPU
		{305664A6-4343-44AF-B9D9-15A700D6DFD6}.Debug|iPhoneSimulator.Build.0 = Debug|Any CPU
		{305664A6-4343-44AF-B9D9-15A700D6DFD6}.Debug|x64.ActiveCfg = Debug|Any CPU
		{305664A6-4343-44AF-B9D9-15A700D6DFD6}.Debug|x64.Build.0 = Debug|Any CPU
		{305664A6-4343-44AF-B9D9-15A700D6DFD6}.Debug|x86.ActiveCfg = Debug|Any CPU
		{305664A6-4343-44AF-B9D9-15A700D6DFD6}.Debug|x86.Build.0 = Debug|Any CPU
		{305664A6-4343-44AF-B9D9-15A700D6DFD6}.Release|Any CPU.ActiveCfg = Release|Any CPU
		{305664A6-4343-44AF-B9D9-15A700D6DFD6}.Release|Any CPU.Build.0 = Release|Any CPU
		{305664A6-4343-44AF-B9D9-15A700D6DFD6}.Release|ARM.ActiveCfg = Release|Any CPU
		{305664A6-4343-44AF-B9D9-15A700D6DFD6}.Release|ARM.Build.0 = Release|Any CPU
		{305664A6-4343-44AF-B9D9-15A700D6DFD6}.Release|iPhone.ActiveCfg = Release|Any CPU
		{305664A6-4343-44AF-B9D9-15A700D6DFD6}.Release|iPhone.Build.0 = Release|Any CPU
		{305664A6-4343-44AF-B9D9-15A700D6DFD6}.Release|iPhoneSimulator.ActiveCfg = Release|Any CPU
		{305664A6-4343-44AF-B9D9-15A700D6DFD6}.Release|iPhoneSimulator.Build.0 = Release|Any CPU
		{305664A6-4343-44AF-B9D9-15A700D6DFD6}.Release|x64.ActiveCfg = Release|Any CPU
		{305664A6-4343-44AF-B9D9-15A700D6DFD6}.Release|x64.Build.0 = Release|Any CPU
		{305664A6-4343-44AF-B9D9-15A700D6DFD6}.Release|x86.ActiveCfg = Release|Any CPU
		{305664A6-4343-44AF-B9D9-15A700D6DFD6}.Release|x86.Build.0 = Release|Any CPU
		{FE69F6D4-12B4-4F16-906D-1C6B171A7B81}.Ad-Hoc|Any CPU.ActiveCfg = Debug|Any CPU
		{FE69F6D4-12B4-4F16-906D-1C6B171A7B81}.Ad-Hoc|Any CPU.Build.0 = Debug|Any CPU
		{FE69F6D4-12B4-4F16-906D-1C6B171A7B81}.Ad-Hoc|ARM.ActiveCfg = Debug|Any CPU
		{FE69F6D4-12B4-4F16-906D-1C6B171A7B81}.Ad-Hoc|ARM.Build.0 = Debug|Any CPU
		{FE69F6D4-12B4-4F16-906D-1C6B171A7B81}.Ad-Hoc|iPhone.ActiveCfg = Debug|Any CPU
		{FE69F6D4-12B4-4F16-906D-1C6B171A7B81}.Ad-Hoc|iPhone.Build.0 = Debug|Any CPU
		{FE69F6D4-12B4-4F16-906D-1C6B171A7B81}.Ad-Hoc|iPhoneSimulator.ActiveCfg = Debug|Any CPU
		{FE69F6D4-12B4-4F16-906D-1C6B171A7B81}.Ad-Hoc|iPhoneSimulator.Build.0 = Debug|Any CPU
		{FE69F6D4-12B4-4F16-906D-1C6B171A7B81}.Ad-Hoc|x64.ActiveCfg = Debug|Any CPU
		{FE69F6D4-12B4-4F16-906D-1C6B171A7B81}.Ad-Hoc|x64.Build.0 = Debug|Any CPU
		{FE69F6D4-12B4-4F16-906D-1C6B171A7B81}.Ad-Hoc|x86.ActiveCfg = Debug|Any CPU
		{FE69F6D4-12B4-4F16-906D-1C6B171A7B81}.Ad-Hoc|x86.Build.0 = Debug|Any CPU
		{FE69F6D4-12B4-4F16-906D-1C6B171A7B81}.AppStore|Any CPU.ActiveCfg = Debug|Any CPU
		{FE69F6D4-12B4-4F16-906D-1C6B171A7B81}.AppStore|Any CPU.Build.0 = Debug|Any CPU
		{FE69F6D4-12B4-4F16-906D-1C6B171A7B81}.AppStore|ARM.ActiveCfg = Debug|Any CPU
		{FE69F6D4-12B4-4F16-906D-1C6B171A7B81}.AppStore|ARM.Build.0 = Debug|Any CPU
		{FE69F6D4-12B4-4F16-906D-1C6B171A7B81}.AppStore|iPhone.ActiveCfg = Debug|Any CPU
		{FE69F6D4-12B4-4F16-906D-1C6B171A7B81}.AppStore|iPhone.Build.0 = Debug|Any CPU
		{FE69F6D4-12B4-4F16-906D-1C6B171A7B81}.AppStore|iPhoneSimulator.ActiveCfg = Debug|Any CPU
		{FE69F6D4-12B4-4F16-906D-1C6B171A7B81}.AppStore|iPhoneSimulator.Build.0 = Debug|Any CPU
		{FE69F6D4-12B4-4F16-906D-1C6B171A7B81}.AppStore|x64.ActiveCfg = Debug|Any CPU
		{FE69F6D4-12B4-4F16-906D-1C6B171A7B81}.AppStore|x64.Build.0 = Debug|Any CPU
		{FE69F6D4-12B4-4F16-906D-1C6B171A7B81}.AppStore|x86.ActiveCfg = Debug|Any CPU
		{FE69F6D4-12B4-4F16-906D-1C6B171A7B81}.AppStore|x86.Build.0 = Debug|Any CPU
		{FE69F6D4-12B4-4F16-906D-1C6B171A7B81}.Debug|Any CPU.ActiveCfg = Debug|Any CPU
		{FE69F6D4-12B4-4F16-906D-1C6B171A7B81}.Debug|Any CPU.Build.0 = Debug|Any CPU
		{FE69F6D4-12B4-4F16-906D-1C6B171A7B81}.Debug|ARM.ActiveCfg = Debug|Any CPU
		{FE69F6D4-12B4-4F16-906D-1C6B171A7B81}.Debug|ARM.Build.0 = Debug|Any CPU
		{FE69F6D4-12B4-4F16-906D-1C6B171A7B81}.Debug|iPhone.ActiveCfg = Debug|Any CPU
		{FE69F6D4-12B4-4F16-906D-1C6B171A7B81}.Debug|iPhone.Build.0 = Debug|Any CPU
		{FE69F6D4-12B4-4F16-906D-1C6B171A7B81}.Debug|iPhoneSimulator.ActiveCfg = Debug|Any CPU
		{FE69F6D4-12B4-4F16-906D-1C6B171A7B81}.Debug|iPhoneSimulator.Build.0 = Debug|Any CPU
		{FE69F6D4-12B4-4F16-906D-1C6B171A7B81}.Debug|x64.ActiveCfg = Debug|Any CPU
		{FE69F6D4-12B4-4F16-906D-1C6B171A7B81}.Debug|x64.Build.0 = Debug|Any CPU
		{FE69F6D4-12B4-4F16-906D-1C6B171A7B81}.Debug|x86.ActiveCfg = Debug|Any CPU
		{FE69F6D4-12B4-4F16-906D-1C6B171A7B81}.Debug|x86.Build.0 = Debug|Any CPU
		{FE69F6D4-12B4-4F16-906D-1C6B171A7B81}.Release|Any CPU.ActiveCfg = Release|Any CPU
		{FE69F6D4-12B4-4F16-906D-1C6B171A7B81}.Release|Any CPU.Build.0 = Release|Any CPU
		{FE69F6D4-12B4-4F16-906D-1C6B171A7B81}.Release|ARM.ActiveCfg = Release|Any CPU
		{FE69F6D4-12B4-4F16-906D-1C6B171A7B81}.Release|ARM.Build.0 = Release|Any CPU
		{FE69F6D4-12B4-4F16-906D-1C6B171A7B81}.Release|iPhone.ActiveCfg = Release|Any CPU
		{FE69F6D4-12B4-4F16-906D-1C6B171A7B81}.Release|iPhone.Build.0 = Release|Any CPU
		{FE69F6D4-12B4-4F16-906D-1C6B171A7B81}.Release|iPhoneSimulator.ActiveCfg = Release|Any CPU
		{FE69F6D4-12B4-4F16-906D-1C6B171A7B81}.Release|iPhoneSimulator.Build.0 = Release|Any CPU
		{FE69F6D4-12B4-4F16-906D-1C6B171A7B81}.Release|x64.ActiveCfg = Release|Any CPU
		{FE69F6D4-12B4-4F16-906D-1C6B171A7B81}.Release|x64.Build.0 = Release|Any CPU
		{FE69F6D4-12B4-4F16-906D-1C6B171A7B81}.Release|x86.ActiveCfg = Release|Any CPU
		{FE69F6D4-12B4-4F16-906D-1C6B171A7B81}.Release|x86.Build.0 = Release|Any CPU
	EndGlobalSection
	GlobalSection(SolutionProperties) = preSolution
		HideSolutionNode = FALSE
	EndGlobalSection
	GlobalSection(NestedProjects) = preSolution
		{B266FCA7-D929-446D-9958-C73B1A4B18D5} = {D83B5B79-F757-4B13-8603-48C066582321}
		{A8EE30D8-C5AF-41FF-BEF6-F8C95D1B241F} = {D83B5B79-F757-4B13-8603-48C066582321}
		{83A1944F-9321-4E04-AA9B-90E6C197023D} = {D83B5B79-F757-4B13-8603-48C066582321}
		{BF1AF39F-5C1E-4ACC-A75C-165E05E96B73} = {ADD45BCB-D5E2-4D5C-A4BD-820833C9597F}
		{515CB3CC-792C-44B1-8C5F-6AA10198BA51} = {D83B5B79-F757-4B13-8603-48C066582321}
		{CDCC6449-80B9-4597-A79E-0B42C5BE6A94} = {D83B5B79-F757-4B13-8603-48C066582321}
		{305664A6-4343-44AF-B9D9-15A700D6DFD6} = {D83B5B79-F757-4B13-8603-48C066582321}
		{FE69F6D4-12B4-4F16-906D-1C6B171A7B81} = {D83B5B79-F757-4B13-8603-48C066582321}
	EndGlobalSection
	GlobalSection(ExtensibilityGlobals) = postSolution
		SolutionGuid = {17B9077E-309C-4379-86AB-16545A0B7E72}
	EndGlobalSection
EndGlobal
